#MicroXplorer Configuration settings - do not modify
ADC1.Channel-0\#ChannelRegularConversion=ADC_CHANNEL_8
ADC1.DMAContinuousRequests=ENABLE
ADC1.ExternalTrigConv=ADC_EXTERNALTRIG_T6_TRGO
ADC1.IPParameters=Rank-0\#ChannelRegularConversion,Channel-0\#ChannelRegularConversion,SamplingTime-0\#ChannelRegularConversion,OffsetNumber-0\#ChannelRegularConversion,NbrOfConversionFlag,DMAContinuousRequests,ExternalTrigConv,master,OversamplingMode,RightBitShift,Ratio
ADC1.NbrOfConversionFlag=1
ADC1.OffsetNumber-0\#ChannelRegularConversion=ADC_OFFSET_NONE
ADC1.OversamplingMode=ENABLE
ADC1.Rank-0\#ChannelRegularConversion=1
ADC1.Ratio=ADC_OVERSAMPLING_RATIO_16
ADC1.RightBitShift=ADC_RIGHTBITSHIFT_2
ADC1.SamplingTime-0\#ChannelRegularConversion=ADC_SAMPLETIME_12CYCLES_5
ADC1.master=1
CRC.CRCLength=CRC_POLYLENGTH_16B
CRC.DefaultInitValueUse=DEFAULT_INIT_VALUE_DISABLE
CRC.DefaultPolynomialUse=DEFAULT_POLYNOMIAL_DISABLE
CRC.GeneratingPolynomial=X12+X5+X0
CRC.IPParameters=DefaultPolynomialUse,GeneratingPolynomial,CRCLength,DefaultInitValueUse,InitValue,InputDataInversionMode
CRC.InitValue=0xFFFF
CRC.InputDataInversionMode=CRC_INPUTDATA_INVERSION_BYTE
DAC1.DAC_Channel-DAC_OUT2_ExtAndInt=DAC_CHANNEL_2
DAC1.DAC_Trigger-DAC_OUT1_ExtAndInt=DAC_TRIGGER_T7_TRGO
DAC1.DAC_Trigger-DAC_OUT2_ExtAndInt=DAC_TRIGGER_NONE
DAC1.IPParameters=DAC_Channel-DAC_OUT2_ExtAndInt,DAC_Trigger-DAC_OUT2_ExtAndInt,DAC_Trigger-DAC_OUT1_ExtAndInt
Dma.ADC1.0.Direction=DMA_PERIPH_TO_MEMORY
Dma.ADC1.0.Instance=DMA1_Channel1
Dma.ADC1.0.MemDataAlignment=DMA_MDATAALIGN_HALFWORD
Dma.ADC1.0.MemInc=DMA_MINC_ENABLE
Dma.ADC1.0.Mode=DMA_CIRCULAR
Dma.ADC1.0.PeriphDataAlignment=DMA_PDATAALIGN_HALFWORD
Dma.ADC1.0.PeriphInc=DMA_PINC_DISABLE
Dma.ADC1.0.Priority=DMA_PRIORITY_LOW
Dma.ADC1.0.RequestParameters=Instance,Direction,PeriphInc,MemInc,PeriphDataAlignment,MemDataAlignment,Mode,Priority
Dma.DAC_CH1.1.Direction=DMA_MEMORY_TO_PERIPH
Dma.DAC_CH1.1.Instance=DMA2_Channel4
Dma.DAC_CH1.1.MemDataAlignment=DMA_MDATAALIGN_HALFWORD
Dma.DAC_CH1.1.MemInc=DMA_MINC_ENABLE
Dma.DAC_CH1.1.Mode=DMA_CIRCULAR
Dma.DAC_CH1.1.PeriphDataAlignment=DMA_PDATAALIGN_HALFWORD
Dma.DAC_CH1.1.PeriphInc=DMA_PINC_DISABLE
Dma.DAC_CH1.1.Priority=DMA_PRIORITY_LOW
Dma.DAC_CH1.1.RequestParameters=Instance,Direction,PeriphInc,MemInc,PeriphDataAlignment,MemDataAlignment,Mode,Priority
Dma.I2C1_RX.5.Direction=DMA_PERIPH_TO_MEMORY
Dma.I2C1_RX.5.Instance=DMA1_Channel7
Dma.I2C1_RX.5.MemDataAlignment=DMA_MDATAALIGN_BYTE
Dma.I2C1_RX.5.MemInc=DMA_MINC_ENABLE
Dma.I2C1_RX.5.Mode=DMA_NORMAL
Dma.I2C1_RX.5.PeriphDataAlignment=DMA_PDATAALIGN_BYTE
Dma.I2C1_RX.5.PeriphInc=DMA_PINC_DISABLE
Dma.I2C1_RX.5.Priority=DMA_PRIORITY_LOW
Dma.I2C1_RX.5.RequestParameters=Instance,Direction,PeriphInc,MemInc,PeriphDataAlignment,MemDataAlignment,Mode,Priority
Dma.I2C1_TX.4.Direction=DMA_MEMORY_TO_PERIPH
Dma.I2C1_TX.4.Instance=DMA1_Channel6
Dma.I2C1_TX.4.MemDataAlignment=DMA_MDATAALIGN_BYTE
Dma.I2C1_TX.4.MemInc=DMA_MINC_ENABLE
Dma.I2C1_TX.4.Mode=DMA_NORMAL
Dma.I2C1_TX.4.PeriphDataAlignment=DMA_PDATAALIGN_BYTE
Dma.I2C1_TX.4.PeriphInc=DMA_PINC_DISABLE
Dma.I2C1_TX.4.Priority=DMA_PRIORITY_LOW
Dma.I2C1_TX.4.RequestParameters=Instance,Direction,PeriphInc,MemInc,PeriphDataAlignment,MemDataAlignment,Mode,Priority
Dma.Request0=ADC1
Dma.Request1=DAC_CH1
Dma.Request2=USART3_TX
Dma.Request3=USART3_RX
Dma.Request4=I2C1_TX
Dma.Request5=I2C1_RX
Dma.RequestsNb=6
Dma.USART3_RX.3.Direction=DMA_PERIPH_TO_MEMORY
Dma.USART3_RX.3.Instance=DMA1_Channel3
Dma.USART3_RX.3.MemDataAlignment=DMA_MDATAALIGN_BYTE
Dma.USART3_RX.3.MemInc=DMA_MINC_ENABLE
Dma.USART3_RX.3.Mode=DMA_CIRCULAR
Dma.USART3_RX.3.PeriphDataAlignment=DMA_PDATAALIGN_BYTE
Dma.USART3_RX.3.PeriphInc=DMA_PINC_DISABLE
Dma.USART3_RX.3.Priority=DMA_PRIORITY_LOW
Dma.USART3_RX.3.RequestParameters=Instance,Direction,PeriphInc,MemInc,PeriphDataAlignment,MemDataAlignment,Mode,Priority
Dma.USART3_TX.2.Direction=DMA_MEMORY_TO_PERIPH
Dma.USART3_TX.2.Instance=DMA1_Channel2
Dma.USART3_TX.2.MemDataAlignment=DMA_MDATAALIGN_BYTE
Dma.USART3_TX.2.MemInc=DMA_MINC_ENABLE
Dma.USART3_TX.2.Mode=DMA_NORMAL
Dma.USART3_TX.2.PeriphDataAlignment=DMA_PDATAALIGN_BYTE
Dma.USART3_TX.2.PeriphInc=DMA_PINC_DISABLE
Dma.USART3_TX.2.Priority=DMA_PRIORITY_LOW
Dma.USART3_TX.2.RequestParameters=Instance,Direction,PeriphInc,MemInc,PeriphDataAlignment,MemDataAlignment,Mode,Priority
FREERTOS.FootprintOK=true
FREERTOS.HEAP_NUMBER=3
FREERTOS.IPParameters=Tasks01,configUSE_TICKLESS_IDLE,MEMORY_ALLOCATION,configTOTAL_HEAP_SIZE,HEAP_NUMBER,configCHECK_FOR_STACK_OVERFLOW,configUSE_TIMERS,Queues01,FootprintOK,Timers01,configENABLE_BACKWARD_COMPATIBILITY,configUSE_APPLICATION_TASK_TAG
FREERTOS.MEMORY_ALLOCATION=2
FREERTOS.Queues01=ioEventQueue,16,uint32_t,0,Static,ioEventQueueBuffer,ioEventQueueControlBlock;serialInputQueue,16,uint32_t,0,Static,serialInputQueueBuffer,serialInputQueueControlBlock;serialOutputQueue,16,uint32_t,0,Static,serialOutputQueueBuffer,serialOutputQueueControlBlock;audioInputQueue,4,uint8_t,0,Static,audioInputQueueBuffer,audioInputQueueControlBlock;hdlcInputQueue,3,uint32_t,0,Static,hdlcInputQueueBuffer,hdlcInputQueueControlBlock;hdlcOutputQueue,3,uint32_t,0,Static,hdlcOutputQueueBuffer,hdlcOutputQueueControlBlock;dacOutputQueue,128,uint8_t,0,Static,dacOutputQueueBuffer,dacOutputQueueControlBlock;adcInputQueue,3,uint32_t,0,Static,adcInputQueueBuffer,adcInputQueueControlBlock
FREERTOS.Tasks01=defaultTask,-3,256,StartDefaultTask,Default,NULL,Static,defaultTaskBuffer,defaultTaskControlBlock;ioEventTask,-2,384,startIOEventTask,As external,NULL,Static,ioEventTaskBuffer,ioEventTaskControlBlock;ledBlinker,-3,128,startLedBlinkerTask,As external,NULL,Static,ledBlinkerBuffer,ledBlinkerControlBlock;audioInputTask,1,512,startAudioInputTask,As external,NULL,Static,audioInputTaskBuffer,audioInputTaskControlBlock;modulatorTask,1,384,startModulatorTask,As external,NULL,Static,modulatorTaskBuffer,modulatorTaskControlBlock
FREERTOS.Timers01=beaconTimer1,beacon,osTimerPeriodic,As external,NULL,Static,beaconTimer1ControlBlock;beaconTimer2,beacon,osTimerPeriodic,As external,NULL,Static,beaconTimer2ControlBlock;beaconTimer3,beacon,osTimerPeriodic,As external,NULL,Static,beaconTimer3ControlBlock;beaconTimer4,beacon,osTimerPeriodic,As external,NULL,Static,beaconTimer4ControlBlock
FREERTOS.configCHECK_FOR_STACK_OVERFLOW=1
FREERTOS.configENABLE_BACKWARD_COMPATIBILITY=0
FREERTOS.configTOTAL_HEAP_SIZE=4096
FREERTOS.configUSE_APPLICATION_TASK_TAG=0
FREERTOS.configUSE_TICKLESS_IDLE=1
FREERTOS.configUSE_TIMERS=1
File.Version=6
I2C1.I2C_Speed_Mode=I2C_Fast_Plus
I2C1.IPParameters=I2C_Speed_Mode,Timing
I2C1.Timing=0x20000209
KeepUserPlacement=true
Mcu.Family=STM32L4
Mcu.IP0=ADC1
Mcu.IP1=CRC
Mcu.IP10=RNG
Mcu.IP11=RTC
Mcu.IP12=SYS
Mcu.IP13=TIM1
Mcu.IP14=TIM6
Mcu.IP15=TIM7
Mcu.IP16=USART3
Mcu.IP17=USB
Mcu.IP18=USB_DEVICE
Mcu.IP2=DAC1
Mcu.IP3=DMA
Mcu.IP4=FREERTOS
Mcu.IP5=I2C1
Mcu.IP6=IWDG
Mcu.IP7=NVIC
Mcu.IP8=OPAMP1
Mcu.IP9=RCC
Mcu.IPNb=19
Mcu.Name=STM32L433C(B-C)Ux
Mcu.Package=UFQFPN48
Mcu.Pin0=PC13
Mcu.Pin1=PC14-OSC32_IN (PC14)
Mcu.Pin10=PA5
Mcu.Pin11=PA6
Mcu.Pin12=PA7
Mcu.Pin13=PB0
Mcu.Pin14=PB1
Mcu.Pin15=PB2
Mcu.Pin16=PB10
Mcu.Pin17=PB11
Mcu.Pin18=PB12
Mcu.Pin19=PB13
Mcu.Pin2=PC15-OSC32_OUT (PC15)
Mcu.Pin20=PB14
Mcu.Pin21=PB15
Mcu.Pin22=PA8
Mcu.Pin23=PA9
Mcu.Pin24=PA10
Mcu.Pin25=PA11
Mcu.Pin26=PA12
Mcu.Pin27=PA13 (JTMS-SWDIO)
Mcu.Pin28=PA14 (JTCK-SWCLK)
Mcu.Pin29=PB3 (JTDO-TRACESWO)
Mcu.Pin3=PH0-OSC_IN (PH0)
Mcu.Pin30=PB4 (NJTRST)
Mcu.Pin31=PB5
Mcu.Pin32=PB6
Mcu.Pin33=PB7
Mcu.Pin34=PH3-BOOT0
Mcu.Pin35=PB8
Mcu.Pin36=PB9
Mcu.Pin37=VP_ADC1_OPAMP1_OUT
Mcu.Pin38=VP_CRC_VS_CRC
Mcu.Pin39=VP_FREERTOS_VS_ENABLE
Mcu.Pin4=PH1-OSC_OUT (PH1)
Mcu.Pin40=VP_IWDG_VS_IWDG
Mcu.Pin41=VP_RCC_LSE
Mcu.Pin42=VP_RNG_VS_RNG
Mcu.Pin43=VP_RTC_VS_RTC_Activate
Mcu.Pin44=VP_RTC_VS_RTC_Calendar
Mcu.Pin45=VP_RTC_VS_RTC_Alarm_B_Intern
Mcu.Pin46=VP_RTC_VS_RTC_Alarm_A_Intern
Mcu.Pin47=VP_SYS_V_PVD_IN
Mcu.Pin48=VP_SYS_VS_tim2
Mcu.Pin49=VP_TIM1_VS_ClockSourceINT
Mcu.Pin5=PA0
Mcu.Pin50=VP_TIM6_VS_ClockSourceINT
Mcu.Pin51=VP_TIM7_VS_ClockSourceINT
Mcu.Pin52=VP_USB_DEVICE_VS_USB_DEVICE_CDC_FS
Mcu.Pin6=PA1
Mcu.Pin7=PA2
Mcu.Pin8=PA3
Mcu.Pin9=PA4
Mcu.PinsNb=53
Mcu.ThirdPartyNb=0
Mcu.UserConstants=EEPROM_ADDRESS,0xA0;EEPROM_CAPACITY,4096;EEPROM_PAGE_SIZE,32;EEPROM_WRITE_TIME,5
Mcu.UserName=STM32L433CCUx
MxCube.Version=4.27.0
MxDb.Version=DB.4.0.270
NVIC.BusFault_IRQn=true\:0\:0\:false\:false\:true\:false\:false
NVIC.DMA1_Channel1_IRQn=true\:5\:0\:false\:false\:true\:true\:false
NVIC.DMA1_Channel2_IRQn=true\:5\:0\:false\:false\:true\:true\:false
NVIC.DMA1_Channel3_IRQn=true\:5\:0\:false\:false\:true\:true\:false
NVIC.DMA1_Channel6_IRQn=true\:5\:0\:false\:false\:true\:true\:false
NVIC.DMA1_Channel7_IRQn=true\:5\:0\:false\:false\:true\:true\:false
NVIC.DMA2_Channel4_IRQn=true\:5\:0\:false\:false\:true\:true\:false
NVIC.DebugMonitor_IRQn=true\:0\:0\:false\:false\:true\:false\:false
NVIC.EXTI0_IRQn=true\:5\:0\:true\:false\:true\:false\:true
NVIC.EXTI1_IRQn=true\:5\:0\:true\:false\:true\:false\:true
NVIC.EXTI3_IRQn=true\:5\:0\:true\:false\:true\:false\:true
NVIC.EXTI4_IRQn=true\:5\:0\:false\:false\:true\:true\:true
NVIC.EXTI9_5_IRQn=true\:5\:0\:false\:false\:true\:true\:true
NVIC.HardFault_IRQn=true\:0\:0\:false\:false\:true\:false\:false
NVIC.MemoryManagement_IRQn=true\:0\:0\:false\:false\:true\:false\:false
NVIC.NonMaskableInt_IRQn=true\:0\:0\:false\:false\:true\:false\:false
NVIC.PendSV_IRQn=true\:15\:0\:false\:false\:false\:true\:false
NVIC.PriorityGroup=NVIC_PRIORITYGROUP_4
NVIC.SVCall_IRQn=true\:0\:0\:false\:false\:false\:false\:false
NVIC.SysTick_IRQn=true\:15\:0\:false\:false\:true\:true\:false
NVIC.TIM1_UP_TIM16_IRQn=true\:5\:0\:false\:false\:true\:true\:true
NVIC.TIM2_IRQn=true\:0\:0\:false\:false\:true\:false\:false
NVIC.TimeBase=TIM2_IRQn
NVIC.TimeBaseIP=TIM2
NVIC.USART3_IRQn=true\:5\:0\:false\:false\:true\:true\:true
NVIC.USB_IRQn=true\:5\:0\:false\:false\:true\:true\:false
NVIC.UsageFault_IRQn=true\:0\:0\:false\:false\:true\:false\:false
OPAMP1.IPParameters=PowerSupplyRange
OPAMP1.PowerSupplyRange=OPAMP_POWERSUPPLY_HIGH
PA0.GPIOParameters=GPIO_Label
PA0.GPIO_Label=AUDIO_IN
PA0.Locked=true
PA0.Mode=PGA Not Connected
PA0.Signal=OPAMP1_VINP
PA1.GPIOParameters=PinState,GPIO_Label,GPIO_ModeDefaultOutputPP
PA1.GPIO_Label=BT_SLEEP
PA1.GPIO_ModeDefaultOutputPP=GPIO_MODE_OUTPUT_PP
PA1.Locked=true
PA1.PinState=GPIO_PIN_SET
PA1.Signal=GPIO_Output
PA10.GPIOParameters=GPIO_ModeDefaultPP,PinState,GPIO_Label,GPIO_ModeDefaultOutputPP
PA10.GPIO_Label=LED_TX
PA10.GPIO_ModeDefaultOutputPP=GPIO_MODE_OUTPUT_OD
PA10.GPIO_ModeDefaultPP=GPIO_MODE_AF_OD
PA10.Locked=true
PA10.PinState=GPIO_PIN_SET
PA10.Signal=SharedStack_PA10
PA10.Stacked=true
PA11.Locked=true
PA11.Mode=Device
PA11.Signal=USB_DM
PA12.Locked=true
PA12.Mode=Device
PA12.Signal=USB_DP
PA13\ (JTMS-SWDIO).Locked=true
PA13\ (JTMS-SWDIO).Mode=Trace_Asynchronous_SW
PA13\ (JTMS-SWDIO).Signal=SYS_JTMS-SWDIO
PA14\ (JTCK-SWCLK).Locked=true
PA14\ (JTCK-SWCLK).Mode=Trace_Asynchronous_SW
PA14\ (JTCK-SWCLK).Signal=SYS_JTCK-SWCLK
PA2.Locked=true
PA2.Mode=Clock-out-LSCO
PA2.Signal=RCC_LSCO
PA3.GPIOParameters=GPIO_Label
PA3.GPIO_Label=AUDIO_IN_AMP
PA3.Locked=true
PA3.Mode=PGA Not Connected
PA3.Signal=OPAMP1_VOUT
PA4.GPIOParameters=GPIO_Label
PA4.GPIO_Label=DAC_AUDIO_OUT
PA4.Locked=true
PA4.Signal=COMP_DAC11_group
PA5.GPIOParameters=GPIO_Label
PA5.GPIO_Label=DC_OFFSET
PA5.Locked=true
PA5.Signal=COMP_DAC12_group
PA6.Locked=true
PA6.Mode=CTS_RTS
PA6.Signal=USART3_CTS
PA7.GPIOParameters=PinState,GPIO_Label,GPIO_ModeDefaultOutputPP
PA7.GPIO_Label=BAT_DIVIDER
PA7.GPIO_ModeDefaultOutputPP=GPIO_MODE_OUTPUT_OD
PA7.Locked=true
PA7.PinState=GPIO_PIN_SET
PA7.Signal=GPIO_Output
PA8.GPIOParameters=GPIO_ModeDefaultPP,PinState,GPIO_Label,GPIO_ModeDefaultOutputPP
PA8.GPIO_Label=LED_BT
PA8.GPIO_ModeDefaultOutputPP=GPIO_MODE_OUTPUT_OD
PA8.GPIO_ModeDefaultPP=GPIO_MODE_AF_OD
PA8.Locked=true
PA8.PinState=GPIO_PIN_SET
PA8.Signal=S_TIM1_CH1
PA8.Stacked=true
PA9.GPIOParameters=GPIO_ModeDefaultPP,PinState,GPIO_Label,GPIO_ModeDefaultOutputPP
PA9.GPIO_Label=LED_RX
PA9.GPIO_ModeDefaultOutputPP=GPIO_MODE_OUTPUT_OD
PA9.GPIO_ModeDefaultPP=GPIO_MODE_AF_OD
PA9.Locked=true
PA9.PinState=GPIO_PIN_SET
PA9.Signal=SharedStack_PA9
PA9.Stacked=true
PB0.GPIOParameters=GPIO_Label
PB0.GPIO_Label=BAT_LEVEL
PB0.Locked=true
PB0.Signal=ADCx_IN15
PB1.Locked=true
PB1.Mode=CTS_RTS
PB1.Signal=USART3_RTS
PB10.Locked=true
PB10.Mode=Asynchronous
PB10.Signal=USART3_TX
PB11.GPIOParameters=GPIO_PuPd
PB11.GPIO_PuPd=GPIO_NOPULL
PB11.Locked=true
PB11.Mode=Asynchronous
PB11.Signal=USART3_RX
PB12.GPIOParameters=PinState,GPIO_Label
PB12.GPIO_Label=VDD_EN
PB12.Locked=true
PB12.PinState=GPIO_PIN_SET
PB12.Signal=GPIO_Output
PB13.GPIOParameters=PinState,GPIO_Label,GPIO_ModeDefaultOutputPP
PB13.GPIO_Label=USB_CE
PB13.GPIO_ModeDefaultOutputPP=GPIO_MODE_OUTPUT_OD
PB13.Locked=true
PB13.PinState=GPIO_PIN_SET
PB13.Signal=GPIO_Output
PB14.GPIOParameters=GPIO_Label
PB14.GPIO_Label=PTT_B
PB14.Locked=true
PB14.Signal=GPIO_Output
PB15.GPIOParameters=GPIO_Label
PB15.GPIO_Label=PTT_A
PB15.Locked=true
PB15.Signal=GPIO_Output
PB2.GPIOParameters=PinState,GPIO_Label,GPIO_ModeDefaultOutputPP
PB2.GPIO_Label=AUDIO_ATTEN
PB2.GPIO_ModeDefaultOutputPP=GPIO_MODE_OUTPUT_OD
PB2.Locked=true
PB2.PinState=GPIO_PIN_SET
PB2.Signal=GPIO_Output
PB3\ (JTDO-TRACESWO).Locked=true
PB3\ (JTDO-TRACESWO).Mode=Trace_Asynchronous_SW
PB3\ (JTDO-TRACESWO).Signal=SYS_JTDO-SWO
PB4\ (NJTRST).GPIOParameters=GPIO_Label,GPIO_ModeDefaultEXTI
PB4\ (NJTRST).GPIO_Label=BT_STATE2
PB4\ (NJTRST).GPIO_ModeDefaultEXTI=GPIO_MODE_IT_RISING_FALLING
PB4\ (NJTRST).Locked=true
PB4\ (NJTRST).Signal=GPXTI4
PB5.GPIOParameters=GPIO_Label,GPIO_ModeDefaultEXTI
PB5.GPIO_Label=BT_STATE1
PB5.GPIO_ModeDefaultEXTI=GPIO_MODE_IT_RISING_FALLING
PB5.Locked=true
PB5.Signal=GPXTI5
PB6.GPIOParameters=PinState,GPIO_Label,GPIO_ModeDefaultOutputPP
PB6.GPIO_Label=BT_CMD
PB6.GPIO_ModeDefaultOutputPP=GPIO_MODE_OUTPUT_OD
PB6.Locked=true
PB6.PinState=GPIO_PIN_SET
PB6.Signal=GPIO_Output
PB7.GPIOParameters=PinState,GPIO_Label,GPIO_ModeDefaultOutputPP
PB7.GPIO_Label=BT_RESET
PB7.GPIO_ModeDefaultOutputPP=GPIO_MODE_OUTPUT_OD
PB7.Locked=true
PB7.PinState=GPIO_PIN_SET
PB7.Signal=GPIO_Output
PB8.GPIOParameters=GPIO_PuPdOD
PB8.GPIO_PuPdOD=GPIO_NOPULL
PB8.Locked=true
PB8.Mode=I2C
PB8.Signal=I2C1_SCL
PB9.GPIOParameters=GPIO_PuPdOD
PB9.GPIO_PuPdOD=GPIO_NOPULL
PB9.Locked=true
PB9.Mode=I2C
PB9.Signal=I2C1_SDA
PC13.GPIOParameters=PinState,GPIO_Label,GPIO_ModeDefaultOutputPP
PC13.GPIO_Label=BT_WAKE
PC13.GPIO_ModeDefaultOutputPP=GPIO_MODE_OUTPUT_OD
PC13.Locked=true
PC13.PinState=GPIO_PIN_RESET
PC13.Signal=GPIO_Output
PC14-OSC32_IN\ (PC14).Locked=true
PC14-OSC32_IN\ (PC14).Mode=LSE-External-Oscillator
PC14-OSC32_IN\ (PC14).Signal=RCC_OSC32_IN
PC15-OSC32_OUT\ (PC15).Locked=true
PC15-OSC32_OUT\ (PC15).Mode=LSE-External-Oscillator
PC15-OSC32_OUT\ (PC15).Signal=RCC_OSC32_OUT
PCC.Battery=Battery_29
PCC.Battery.Capacity=900.0
PCC.Battery.Compatibility=Yes
PCC.Battery.InParallel=1
PCC.Battery.InSeries=1
PCC.Battery.MaxContinuous=900.0
PCC.Battery.MaxPulseCurrent=1800.0
PCC.Battery.NominalVoltage=3.7
PCC.Battery.SelfDischarge=0.05
PCC.Checker=true
PCC.Line=STM32L4x3
PCC.MCU=STM32L433C(B-C)Ux
PCC.PartNumber=STM32L433CCUx
PCC.Seq0=2
PCC.Seq0.Step0.Average_Current=7.08 mA
PCC.Seq0.Step0.CPU_Frequency=48 MHz
PCC.Seq0.Step0.Category=Not in DS Table
PCC.Seq0.Step0.DMIPS=0.0
PCC.Seq0.Step0.Duration=1 ms
PCC.Seq0.Step0.Frequency=4 MHz
PCC.Seq0.Step0.Memory=FLASH
PCC.Seq0.Step0.Mode=RUN
PCC.Seq0.Step0.Oscillator=HSE BYP PLL ART
PCC.Seq0.Step0.Peripherals=ADC1\:fs_10_ksps AHB_APB1_Bridge AHB_APB2_Bridge DAC1\:OUT1-Buffer_ON-Middle_code DMA1 GPIOA GPIOB GPIOC GPIOH OPAMP1\:Normal PWR RTC TIM1 TIM6 USART3
PCC.Seq0.Step0.TaMax=104.16
PCC.Seq0.Step0.User's_Consumption=0 mA
PCC.Seq0.Step0.Vcore=Range1-High
PCC.Seq0.Step0.Vdd=3.6
PCC.Seq0.Step0.Voltage_Source=Battery
PCC.Seq0.Step1.Average_Current=2.25 mA
PCC.Seq0.Step1.CPU_Frequency=16 MHz
PCC.Seq0.Step1.Category=Not in DS Table
PCC.Seq0.Step1.DMIPS=0.0
PCC.Seq0.Step1.Duration=1 ms
PCC.Seq0.Step1.Frequency=18 MHz
PCC.Seq0.Step1.Memory=FLASH
PCC.Seq0.Step1.Mode=RUN
PCC.Seq0.Step1.Oscillator=HSE BYP ART
PCC.Seq0.Step1.Peripherals=ADC1\:fs_10_ksps AHB_APB1_Bridge AHB_APB2_Bridge DAC1\:OUT1-Buffer_ON-Middle_code DMA1 GPIOA GPIOB GPIOC GPIOH IWDG OPAMP1\:Normal RNG RTC TIM6 USART3
PCC.Seq0.Step1.TaMax=104.73
PCC.Seq0.Step1.User's_Consumption=0 mA
PCC.Seq0.Step1.Vcore=Range2-Medium
PCC.Seq0.Step1.Vdd=3.6
PCC.Seq0.Step1.Voltage_Source=Battery
PCC.Series=STM32L4
PCC.Temperature=25
PCC.Vdd=3.6
PH0-OSC_IN\ (PH0).GPIOParameters=GPIO_PuPd,GPIO_Label,GPIO_ModeDefaultEXTI
PH0-OSC_IN\ (PH0).GPIO_Label=USB_POWER
PH0-OSC_IN\ (PH0).GPIO_ModeDefaultEXTI=GPIO_MODE_IT_RISING_FALLING
PH0-OSC_IN\ (PH0).GPIO_PuPd=GPIO_PULLDOWN
PH0-OSC_IN\ (PH0).Locked=true
PH0-OSC_IN\ (PH0).Signal=GPXTI0
PH1-OSC_OUT\ (PH1).GPIOParameters=GPIO_Label,GPIO_ModeDefaultEXTI
PH1-OSC_OUT\ (PH1).GPIO_Label=SW_POWER
PH1-OSC_OUT\ (PH1).GPIO_ModeDefaultEXTI=GPIO_MODE_IT_RISING_FALLING
PH1-OSC_OUT\ (PH1).Locked=true
PH1-OSC_OUT\ (PH1).Signal=GPXTI1
PH3-BOOT0.GPIOParameters=GPIO_Label,GPIO_ModeDefaultEXTI
PH3-BOOT0.GPIO_Label=SW_BOOT
PH3-BOOT0.GPIO_ModeDefaultEXTI=GPIO_MODE_IT_RISING_FALLING
PH3-BOOT0.Locked=true
PH3-BOOT0.Signal=GPXTI3
PinOutPanel.RotationAngle=0
ProjectManager.AskForMigrate=true
ProjectManager.BackupPrevious=false
ProjectManager.CompilerOptimize=3
ProjectManager.ComputerToolchain=false
ProjectManager.CoupleFile=false
ProjectManager.CustomerFirmwarePackage=
ProjectManager.DefaultFWLocation=true
ProjectManager.DeletePrevious=true
ProjectManager.DeviceId=STM32L433CCUx
ProjectManager.FirmwarePackage=STM32Cube FW_L4 V1.13.0
ProjectManager.FreePins=true
ProjectManager.HalAssertFull=true
ProjectManager.HeapSize=0x200
ProjectManager.KeepUserCode=true
ProjectManager.LastFirmware=true
ProjectManager.LibraryCopy=1
ProjectManager.MainLocation=Src
ProjectManager.NoMain=false
ProjectManager.PreviousToolchain=TrueSTUDIO
ProjectManager.ProjectBuild=false
ProjectManager.ProjectFileName=firmware.ioc
ProjectManager.ProjectName=firmware
ProjectManager.StackSize=0x400
ProjectManager.TargetToolchain=TrueSTUDIO
ProjectManager.ToolChainLocation=
ProjectManager.UnderRoot=false
ProjectManager.functionlistsort=1-MX_GPIO_Init-GPIO-false-HAL-true,2-MX_DMA_Init-DMA-false-HAL-true,3-SystemClock_Config-RCC-false-HAL-false,4-MX_USB_DEVICE_Init-USB_DEVICE-false-HAL-true,5-MX_RTC_Init-RTC-false-HAL-true,6-MX_USART3_UART_Init-USART3-false-HAL-true,7-MX_DAC1_Init-DAC1-false-HAL-true,8-MX_ADC1_Init-ADC1-false-HAL-true,9-MX_CRC_Init-CRC-false-HAL-true,10-MX_I2C1_Init-I2C1-false-HAL-true,11-MX_TIM6_Init-TIM6-false-HAL-true,12-MX_TIM7_Init-TIM7-false-HAL-true,13-MX_RNG_Init-RNG-true-HAL-true,14-MX_IWDG_Init-IWDG-true-HAL-true,15-MX_TIM1_Init-TIM1-true-HAL-true,16-MX_OPAMP1_Init-OPAMP1-false-HAL-true
RCC.ADCFreq_Value=48000000
RCC.AHBFreq_Value=48000000
RCC.APB1Freq_Value=48000000
RCC.APB1TimFreq_Value=48000000
RCC.APB2Freq_Value=48000000
RCC.APB2TimFreq_Value=48000000
RCC.CortexFreq_Value=48000000
RCC.FCLKCortexFreq_Value=48000000
RCC.FamilyName=M
RCC.HCLKFreq_Value=48000000
RCC.HSE_VALUE=8000000
RCC.HSI48_VALUE=48000000
RCC.HSI_VALUE=16000000
RCC.I2C1Freq_Value=48000000
RCC.I2C2Freq_Value=48000000
RCC.I2C3Freq_Value=48000000
RCC.IPParameters=ADCFreq_Value,AHBFreq_Value,APB1Freq_Value,APB1TimFreq_Value,APB2Freq_Value,APB2TimFreq_Value,CortexFreq_Value,FCLKCortexFreq_Value,FamilyName,HCLKFreq_Value,HSE_VALUE,HSI48_VALUE,HSI_VALUE,I2C1Freq_Value,I2C2Freq_Value,I2C3Freq_Value,LCDFreq_Value,LPTIM1Freq_Value,LPTIM2Freq_Value,LPUART1Freq_Value,LSCOPinFreq_Value,LSCOSource1,LSE_Drive_Capability,LSI_VALUE,MCO1PinFreq_Value,MSI_VALUE,PLLN,PLLPoutputFreq_Value,PLLQoutputFreq_Value,PLLRCLKFreq_Value,PLLSAI1N,PLLSAI1PoutputFreq_Value,PLLSAI1QoutputFreq_Value,PLLSAI1RoutputFreq_Value,PREFETCH_ENABLE,PWRFreq_Value,RCC_MCO1Source,RNGFreq_Value,RTCClockSelection,RTCFreq_Value,SAI1Freq_Value,SWPMI1Freq_Value,SYSCLKFreq_VALUE,SYSCLKSource,USART1Freq_Value,USART2Freq_Value,USART3Freq_Value,USBFreq_Value,VCOInputFreq_Value,VCOOutputFreq_Value,VCOSAI1OutputFreq_Value
RCC.LCDFreq_Value=32768
RCC.LPTIM1Freq_Value=48000000
RCC.LPTIM2Freq_Value=48000000
RCC.LPUART1Freq_Value=48000000
RCC.LSCOPinFreq_Value=32768
RCC.LSCOSource1=RCC_LSCOSOURCE_LSE
RCC.LSE_Drive_Capability=RCC_LSEDRIVE_MEDIUMLOW
RCC.LSI_VALUE=32000
RCC.MCO1PinFreq_Value=4000000
RCC.MSI_VALUE=4000000
RCC.PLLN=24
RCC.PLLPoutputFreq_Value=13714285.714285715
RCC.PLLQoutputFreq_Value=48000000
RCC.PLLRCLKFreq_Value=48000000
RCC.PLLSAI1N=24
RCC.PLLSAI1PoutputFreq_Value=13714285.714285715
RCC.PLLSAI1QoutputFreq_Value=48000000
RCC.PLLSAI1RoutputFreq_Value=48000000
RCC.PREFETCH_ENABLE=1
RCC.PWRFreq_Value=48000000
RCC.RCC_MCO1Source=RCC_MCO1SOURCE_MSI
RCC.RNGFreq_Value=48000000
RCC.RTCClockSelection=RCC_RTCCLKSOURCE_LSE
RCC.RTCFreq_Value=32768
RCC.SAI1Freq_Value=13714285.714285715
RCC.SWPMI1Freq_Value=48000000
RCC.SYSCLKFreq_VALUE=48000000
RCC.SYSCLKSource=RCC_SYSCLKSOURCE_PLLCLK
RCC.USART1Freq_Value=48000000
RCC.USART2Freq_Value=48000000
RCC.USART3Freq_Value=48000000
RCC.USBFreq_Value=48000000
RCC.VCOInputFreq_Value=4000000
RCC.VCOOutputFreq_Value=96000000
RCC.VCOSAI1OutputFreq_Value=96000000
RTC.Alarm-Alarm\ A=RTC_ALARM_A
RTC.Alarm_B-Alarm\ B=RTC_ALARM_B
RTC.IPParameters=Alarm-Alarm A,Alarm_B-Alarm B
SH.ADCx_IN15.0=ADC1_IN15,IN15-Single-Ended
SH.ADCx_IN15.ConfNb=1
SH.COMP_DAC11_group.0=DAC1_OUT1,DAC_OUT1_ExtAndInt
SH.COMP_DAC11_group.ConfNb=1
SH.COMP_DAC12_group.0=DAC1_OUT2,DAC_OUT2_ExtAndInt
SH.COMP_DAC12_group.ConfNb=1
SH.GPXTI0.0=GPIO_EXTI0
SH.GPXTI0.ConfNb=1
SH.GPXTI1.0=GPIO_EXTI1
SH.GPXTI1.ConfNb=1
SH.GPXTI3.0=GPIO_EXTI3
SH.GPXTI3.ConfNb=1
SH.GPXTI4.0=GPIO_EXTI4
SH.GPXTI4.ConfNb=1
SH.GPXTI5.0=GPIO_EXTI5
SH.GPXTI5.ConfNb=1
SH.S_TIM1_CH1.0=TIM1_CH1,PWM Generation1 CH1
SH.S_TIM1_CH1.ConfNb=1
SH.SharedStack_PA10.0=TIM1_CH3,PWM Generation3 CH3
SH.SharedStack_PA10.ConfNb=1
SH.SharedStack_PA9.0=TIM1_CH2,PWM Generation2 CH2
SH.SharedStack_PA9.ConfNb=1
TIM1.Channel-PWM\ Generation1\ CH1=TIM_CHANNEL_1
TIM1.Channel-PWM\ Generation2\ CH2=TIM_CHANNEL_2
TIM1.Channel-PWM\ Generation3\ CH3=TIM_CHANNEL_3
TIM1.IPParameters=Prescaler,Period,Channel-PWM Generation1 CH1,Channel-PWM Generation2 CH2,OCPolarity_2,OCIdleState_2,Channel-PWM Generation3 CH3,OCPolarity_1,OCIdleState_1,OCPolarity_3,OCIdleState_3
TIM1.OCIdleState_1=TIM_OCIDLESTATE_SET
TIM1.OCIdleState_2=TIM_OCIDLESTATE_SET
TIM1.OCIdleState_3=TIM_OCIDLESTATE_SET
TIM1.OCPolarity_1=TIM_OCPOLARITY_LOW
TIM1.OCPolarity_2=TIM_OCPOLARITY_LOW
TIM1.OCPolarity_3=TIM_OCPOLARITY_LOW
TIM1.Period=9999
TIM1.Prescaler=48
TIM6.IPParameters=Period,TIM_MasterOutputTrigger
TIM6.Period=1817
TIM6.TIM_MasterOutputTrigger=TIM_TRGO_UPDATE
TIM7.IPParameters=TIM_MasterOutputTrigger,Period
TIM7.Period=1817
TIM7.TIM_MasterOutputTrigger=TIM_TRGO_UPDATE
USART3.IPParameters=VirtualMode-Asynchronous
USART3.VirtualMode-Asynchronous=VM_ASYNC
USB.IPParameters=battery_charging_enable,lpm_enable
USB.battery_charging_enable=ENABLE
USB.lpm_enable=DISABLE
USB_DEVICE.APP_RX_DATA_SIZE=64
USB_DEVICE.APP_TX_DATA_SIZE=64
USB_DEVICE.CLASS_NAME_FS=CDC
USB_DEVICE.IPParameters=VirtualMode,VirtualModeFS,CLASS_NAME_FS,MANUFACTURER_STRING,PRODUCT_STRING_CDC_FS,USBD_MAX_NUM_CONFIGURATION,USBD_LPM_ENABLED,APP_TX_DATA_SIZE,APP_RX_DATA_SIZE,USBD_SELF_POWERED
USB_DEVICE.MANUFACTURER_STRING=Mobilinkd LLC
USB_DEVICE.PRODUCT_STRING_CDC_FS=Mobilinkd TNC3 v2.1.1
USB_DEVICE.USBD_LPM_ENABLED=1
USB_DEVICE.USBD_MAX_NUM_CONFIGURATION=2
USB_DEVICE.USBD_SELF_POWERED=1
USB_DEVICE.VirtualMode=Cdc
USB_DEVICE.VirtualModeFS=Cdc_FS
VP_ADC1_OPAMP1_OUT.Mode=IN8-OPAMP1-Single-Ended
VP_ADC1_OPAMP1_OUT.Signal=ADC1_OPAMP1_OUT
VP_CRC_VS_CRC.Mode=CRC_Activate
VP_CRC_VS_CRC.Signal=CRC_VS_CRC
VP_FREERTOS_VS_ENABLE.Mode=Enabled
VP_FREERTOS_VS_ENABLE.Signal=FREERTOS_VS_ENABLE
VP_IWDG_VS_IWDG.Mode=IWDG_Activate
VP_IWDG_VS_IWDG.Signal=IWDG_VS_IWDG
VP_RCC_LSE.Mode=CRS SYNC Source LSE
VP_RCC_LSE.Signal=RCC_LSE
VP_RNG_VS_RNG.Mode=RNG_Activate
VP_RNG_VS_RNG.Signal=RNG_VS_RNG
VP_RTC_VS_RTC_Activate.Mode=RTC_Enabled
VP_RTC_VS_RTC_Activate.Signal=RTC_VS_RTC_Activate
VP_RTC_VS_RTC_Alarm_A_Intern.Mode=Alarm A
VP_RTC_VS_RTC_Alarm_A_Intern.Signal=RTC_VS_RTC_Alarm_A_Intern
VP_RTC_VS_RTC_Alarm_B_Intern.Mode=Alarm B
VP_RTC_VS_RTC_Alarm_B_Intern.Signal=RTC_VS_RTC_Alarm_B_Intern
VP_RTC_VS_RTC_Calendar.Mode=RTC_Calendar
VP_RTC_VS_RTC_Calendar.Signal=RTC_VS_RTC_Calendar
VP_SYS_VS_tim2.Mode=TIM2
VP_SYS_VS_tim2.Signal=SYS_VS_tim2
VP_SYS_V_PVD_IN.Mode=Mode_PVD_Int
VP_SYS_V_PVD_IN.Signal=SYS_V_PVD_IN
VP_TIM1_VS_ClockSourceINT.Mode=Internal
VP_TIM1_VS_ClockSourceINT.Signal=TIM1_VS_ClockSourceINT
VP_TIM6_VS_ClockSourceINT.Mode=Enable_Timer
VP_TIM6_VS_ClockSourceINT.Signal=TIM6_VS_ClockSourceINT
VP_TIM7_VS_ClockSourceINT.Mode=Enable_Timer
VP_TIM7_VS_ClockSourceINT.Signal=TIM7_VS_ClockSourceINT
VP_USB_DEVICE_VS_USB_DEVICE_CDC_FS.Mode=CDC_FS
VP_USB_DEVICE_VS_USB_DEVICE_CDC_FS.Signal=USB_DEVICE_VS_USB_DEVICE_CDC_FS
board=custom
