#MicroXplorer Configuration settings - do not modify
VP_RCC_LSE.Signal=RCC_LSE
PCC.Series=STM32L4
FREERTOS.Queues01=ioEventQueue,16,uint32_t,0,Static,ioEventQueueBuffer,ioEventQueueControlBlock;serialInputQueue,16,uint32_t,0,Static,serialInputQueueBuffer,serialInputQueueControlBlock;serialOutputQueue,16,uint32_t,0,Static,serialOutputQueueBuffer,serialOutputQueueControlBlock;audioInputQueue,4,uint8_t,0,Static,audioInputQueueBuffer,audioInputQueueControlBlock;hdlcInputQueue,3,uint32_t,0,Static,hdlcInputQueueBuffer,hdlcInputQueueControlBlock;hdlcOutputQueue,3,uint32_t,0,Static,hdlcOutputQueueBuffer,hdlcOutputQueueControlBlock;dacOutputQueue,128,uint8_t,0,Static,dacOutputQueueBuffer,dacOutputQueueControlBlock;adcInputQueue,8,uint32_t,0,Static,adcInputQueueBuffer,adcInputQueueControlBlock
RTC.Alarm_B-Alarm\ B=RTC_ALARM_B
PB13.GPIOParameters=PinState,GPIO_Label,GPIO_ModeDefaultOutputPP
VP_RCC_LSE.Mode=CRS SYNC Source LSE
RCC.USART1Freq_Value=48000000
SH.SharedStack_PA10.ConfNb=1
TIM1.OCIdleState_1=TIM_OCIDLESTATE_SET
TIM1.OCIdleState_2=TIM_OCIDLESTATE_SET
I2C1.I2C_Speed_Mode=I2C_Fast_Plus
PB10.Mode=Asynchronous
Dma.I2C1_TX.4.PeriphInc=DMA_PINC_DISABLE
TIM1.IPParameters=Prescaler,Period,Channel-PWM Generation1 CH1,Channel-PWM Generation2 CH2,OCPolarity_2,OCIdleState_2,Channel-PWM Generation3 CH3,OCPolarity_1,OCIdleState_1,OCPolarity_3,OCIdleState_3
TIM1.OCIdleState_3=TIM_OCIDLESTATE_SET
PB14.GPIO_Label=PTT_B
PA13\ (JTMS-SWDIO).Locked=true
Dma.DAC_CH1.1.MemInc=DMA_MINC_ENABLE
VP_RTC_VS_RTC_Activate.Mode=RTC_Enabled
DAC1.IPParameters=DAC_Channel-DAC_OUT2_ExtAndInt,DAC_Trigger-DAC_OUT2_ExtAndInt,DAC_Trigger-DAC_OUT1_ExtAndInt
RCC.RTCFreq_Value=32768
PA3.GPIOParameters=GPIO_Label
PB6.GPIO_Label=BT_CMD
PC15-OSC32_OUT\ (PC15).Mode=LSE-External-Oscillator
SH.S_TIM1_CH1.ConfNb=1
PB13.Signal=GPIO_Output
PinOutPanel.RotationAngle=0
RCC.MCO1PinFreq_Value=4000000
RCC.SYSCLKSource=RCC_SYSCLKSOURCE_PLLCLK
PC14-OSC32_IN\ (PC14).Mode=LSE-External-Oscillator
PA9.GPIO_ModeDefaultPP=GPIO_MODE_AF_OD
Dma.USART3_TX.2.Priority=DMA_PRIORITY_LOW
NVIC.DMA1_Channel3_IRQn=true\:5\:0\:false\:false\:true\:true\:false
USART3.VirtualMode-Asynchronous=VM_ASYNC
PA14\ (JTCK-SWCLK).Signal=SYS_JTCK-SWCLK
RCC.LPTIM1Freq_Value=48000000
NVIC.SVCall_IRQn=true\:0\:0\:false\:false\:false\:false\:false
PCC.Seq0.Step1.Oscillator=HSE BYP ART
NVIC.EXTI1_IRQn=true\:5\:0\:true\:false\:true\:false\:true
SH.GPXTI3.ConfNb=1
PCC.PartNumber=STM32L433CCUx
PC13.GPIO_ModeDefaultOutputPP=GPIO_MODE_OUTPUT_OD
Dma.USART3_RX.3.PeriphDataAlignment=DMA_PDATAALIGN_BYTE
PA10.PinState=GPIO_PIN_SET
PB4\ (NJTRST).GPIO_ModeDefaultEXTI=GPIO_MODE_IT_RISING_FALLING
RCC.APB2TimFreq_Value=48000000
PB6.Signal=GPIO_Output
Dma.ADC1.0.Direction=DMA_PERIPH_TO_MEMORY
PCC.Seq0.Step1.TaMax=104.73
PB12.PinState=GPIO_PIN_SET
RTC.IPParameters=Alarm-Alarm A,Alarm_B-Alarm B
Dma.USART3_TX.2.Mode=DMA_NORMAL
PCC.Seq0.Step1.Category=Not in DS Table
PA9.Stacked=true
PA10.GPIO_ModeDefaultPP=GPIO_MODE_AF_OD
Dma.ADC1.0.MemDataAlignment=DMA_MDATAALIGN_HALFWORD
RCC.PREFETCH_ENABLE=1
PB13.Locked=true
SH.SharedStack_PA10.0=TIM1_CH3,PWM Generation3 CH3
RCC.USART3Freq_Value=16000000
ProjectManager.ProjectBuild=false
NVIC.UsageFault_IRQn=true\:0\:0\:false\:false\:true\:false\:false
PA0.Locked=true
PCC.Seq0.Step1.Vdd=3.6
PB2.Signal=GPIO_Output
PA8.Locked=true
PH3-BOOT0.Locked=true
PA4.Locked=true
PCC.Seq0.Step0.Voltage_Source=Battery
SH.ADCx_IN15.0=ADC1_IN15,IN15-Single-Ended
RCC.RTCClockSelection=RCC_RTCCLKSOURCE_LSE
PB12.GPIO_Label=VDD_EN
ProjectManager.FirmwarePackage=STM32Cube FW_L4 V1.13.0
MxDb.Version=DB.4.0.270
PB0.GPIOParameters=GPIO_Label
PA1.GPIOParameters=PinState,GPIO_Label,GPIO_ModeDefaultOutputPP
ProjectManager.BackupPrevious=false
TIM1.Channel-PWM\ Generation1\ CH1=TIM_CHANNEL_1
VP_SYS_VS_tim2.Signal=SYS_VS_tim2
NVIC.DMA2_Channel4_IRQn=true\:5\:0\:false\:false\:true\:true\:false
FREERTOS.HEAP_NUMBER=3
RCC.LSE_Drive_Capability=RCC_LSEDRIVE_MEDIUMLOW
Dma.ADC1.0.PeriphInc=DMA_PINC_DISABLE
NVIC.TIM2_IRQn=true\:0\:0\:false\:false\:true\:false\:false
PA0.Mode=PGA Not Connected
Dma.USART3_RX.3.PeriphInc=DMA_PINC_DISABLE
PA8.Signal=S_TIM1_CH1
PA8.GPIO_ModeDefaultOutputPP=GPIO_MODE_OUTPUT_OD
RCC.PLLRCLKFreq_Value=48000000
PB6.Locked=true
NVIC.PendSV_IRQn=true\:15\:0\:false\:false\:false\:true\:false
SH.SharedStack_PA9.0=TIM1_CH2,PWM Generation2 CH2
ProjectManager.HalAssertFull=true
ADC1.SamplingTime-0\#ChannelRegularConversion=ADC_SAMPLETIME_12CYCLES_5
VP_TIM1_VS_ClockSourceINT.Mode=Internal
PA0.Signal=OPAMP1_VINP
PB7.PinState=GPIO_PIN_SET
Dma.DAC_CH1.1.PeriphDataAlignment=DMA_PDATAALIGN_HALFWORD
PH3-BOOT0.Signal=GPXTI3
Mcu.Package=UFQFPN48
PB9.Signal=I2C1_SDA
VP_SYS_VS_tim2.Mode=TIM2
PB1.Signal=USART3_RTS
PA5.Locked=true
NVIC.TimeBase=TIM2_IRQn
ADC1.OversamplingMode=ENABLE
PB6.GPIO_ModeDefaultOutputPP=GPIO_MODE_OUTPUT_OD
PCC.Seq0.Step1.Average_Current=2.25 mA
NVIC.TimeBaseIP=TIM2
RCC.LSCOPinFreq_Value=32768
USART3.IPParameters=VirtualMode-Asynchronous
VP_RTC_VS_RTC_Calendar.Mode=RTC_Calendar
PA10.Signal=SharedStack_PA10
FREERTOS.FootprintOK=true
PA5.GPIOParameters=GPIO_Label
PA1.PinState=GPIO_PIN_SET
PH0-OSC_IN\ (PH0).GPIO_ModeDefaultEXTI=GPIO_MODE_IT_RISING_FALLING
VP_SYS_V_PVD_IN.Mode=Mode_PVD_Int
PB14.GPIOParameters=GPIO_Label
Dma.USART3_RX.3.MemInc=DMA_MINC_ENABLE
PB8.GPIO_PuPdOD=GPIO_NOPULL
PCC.Seq0.Step1.DMIPS=0.0
RCC.PLLPoutputFreq_Value=13714285.714285715
RCC.APB1TimFreq_Value=48000000
NVIC.BusFault_IRQn=true\:0\:0\:false\:false\:true\:false\:false
RCC.LPUART1Freq_Value=48000000
TIM1.Period=9999
PA13\ (JTMS-SWDIO).Signal=SYS_JTMS-SWDIO
DAC1.DAC_Trigger-DAC_OUT1_ExtAndInt=DAC_TRIGGER_T7_TRGO
PB2.GPIO_ModeDefaultOutputPP=GPIO_MODE_OUTPUT_OD
PA4.GPIO_Label=DAC_AUDIO_OUT
ProjectManager.CustomerFirmwarePackage=
RCC.HSI48_VALUE=48000000
Dma.DAC_CH1.1.Mode=DMA_CIRCULAR
Dma.I2C1_TX.4.Priority=DMA_PRIORITY_LOW
PCC.Seq0.Step0.Category=Not in DS Table
NVIC.DMA1_Channel6_IRQn=true\:5\:0\:false\:false\:true\:true\:false
DAC1.DAC_Trigger-DAC_OUT2_ExtAndInt=DAC_TRIGGER_NONE
NVIC.EXTI4_IRQn=true\:5\:0\:false\:false\:true\:true\:true
RCC.PLLQoutputFreq_Value=48000000
TIM1.OCPolarity_1=TIM_OCPOLARITY_LOW
ProjectManager.ProjectFileName=firmware.ioc
TIM1.OCPolarity_3=TIM_OCPOLARITY_LOW
Dma.ADC1.0.Instance=DMA1_Channel1
TIM1.OCPolarity_2=TIM_OCPOLARITY_LOW
FREERTOS.Tasks01=defaultTask,-3,256,StartDefaultTask,Default,NULL,Static,defaultTaskBuffer,defaultTaskControlBlock;ioEventTask,-2,384,startIOEventTask,As external,NULL,Static,ioEventTaskBuffer,ioEventTaskControlBlock;ledBlinker,-3,128,startLedBlinkerTask,As external,NULL,Static,ledBlinkerBuffer,ledBlinkerControlBlock;audioInputTask,1,512,startAudioInputTask,As external,NULL,Static,audioInputTaskBuffer,audioInputTaskControlBlock;modulatorTask,1,384,startModulatorTask,As external,NULL,Static,modulatorTaskBuffer,modulatorTaskControlBlock
ADC1.Rank-0\#ChannelRegularConversion=1
Mcu.PinsNb=53
ADC1.IPParameters=Rank-0\#ChannelRegularConversion,Channel-0\#ChannelRegularConversion,SamplingTime-0\#ChannelRegularConversion,OffsetNumber-0\#ChannelRegularConversion,NbrOfConversionFlag,DMAContinuousRequests,ExternalTrigConv,master,OversamplingMode,RightBitShift,Ratio
PC13.Locked=true
ADC1.OffsetNumber-0\#ChannelRegularConversion=ADC_OFFSET_NONE
PC13.Signal=GPIO_Output
PA9.GPIO_Label=LED_RX
RCC.SWPMI1Freq_Value=48000000
FREERTOS.configCHECK_FOR_STACK_OVERFLOW=1
PH0-OSC_IN\ (PH0).GPIO_PuPd=GPIO_PULLDOWN
SH.GPXTI0.ConfNb=1
PCC.Line=STM32L4x3
PB14.Locked=true
CRC.GeneratingPolynomial=X12+X5+X0
CRC.IPParameters=DefaultPolynomialUse,GeneratingPolynomial,CRCLength,DefaultInitValueUse,InitValue,InputDataInversionMode
Dma.I2C1_RX.5.MemDataAlignment=DMA_MDATAALIGN_BYTE
VP_TIM6_VS_ClockSourceINT.Signal=TIM6_VS_ClockSourceINT
Dma.USART3_TX.2.PeriphInc=DMA_PINC_DISABLE
PA3.Mode=PGA Not Connected
CRC.DefaultPolynomialUse=DEFAULT_POLYNOMIAL_DISABLE
PCC.MCU=STM32L433C(B-C)Ux
PA11.Locked=true
PA8.GPIO_Label=LED_BT
PB11.Mode=Asynchronous
CRC.InputDataInversionMode=CRC_INPUTDATA_INVERSION_BYTE
USB_DEVICE.PRODUCT_STRING_CDC_FS=Mobilinkd TNC3 v2.1.1
Mcu.Pin51=VP_TIM7_VS_ClockSourceINT
Mcu.Pin52=VP_USB_DEVICE_VS_USB_DEVICE_CDC_FS
Dma.DAC_CH1.1.PeriphInc=DMA_PINC_DISABLE
SH.COMP_DAC11_group.0=DAC1_OUT1,DAC_OUT1_ExtAndInt
VP_CRC_VS_CRC.Signal=CRC_VS_CRC
Mcu.Pin50=VP_TIM6_VS_ClockSourceINT
VP_SYS_V_PVD_IN.Signal=SYS_V_PVD_IN
Dma.ADC1.0.Priority=DMA_PRIORITY_LOW
PA9.Signal=SharedStack_PA9
VP_TIM1_VS_ClockSourceINT.Signal=TIM1_VS_ClockSourceINT
TIM1.Channel-PWM\ Generation2\ CH2=TIM_CHANNEL_2
I2C1.Timing=0x00000107
PB11.GPIOParameters=GPIO_PuPd
PB5.Locked=true
PB9.Locked=true
PA9.PinState=GPIO_PIN_SET
Mcu.Pin48=VP_SYS_VS_tim2
Mcu.Pin49=VP_TIM1_VS_ClockSourceINT
RCC.PLLSAI1PoutputFreq_Value=13714285.714285715
Mcu.Pin46=VP_RTC_VS_RTC_Alarm_A_Intern
SH.SharedStack_PA9.ConfNb=1
Mcu.Pin47=VP_SYS_V_PVD_IN
PB10.Signal=USART3_TX
PB14.Signal=GPIO_Output
PA5.Signal=COMP_DAC12_group
Mcu.Pin40=VP_IWDG_VS_IWDG
Mcu.Pin41=VP_RCC_LSE
FREERTOS.MEMORY_ALLOCATION=2
Mcu.Pin44=VP_RTC_VS_RTC_Calendar
Mcu.Pin45=VP_RTC_VS_RTC_Alarm_B_Intern
Mcu.Pin42=VP_RNG_VS_RNG
Mcu.Pin43=VP_RTC_VS_RTC_Activate
PA8.GPIO_ModeDefaultPP=GPIO_MODE_AF_OD
ProjectManager.LastFirmware=true
PB13.PinState=GPIO_PIN_SET
PCC.Seq0.Step0.Vcore=Range1-High
Mcu.Pin37=VP_ADC1_OPAMP1_OUT
Dma.DAC_CH1.1.Direction=DMA_MEMORY_TO_PERIPH
Mcu.Pin38=VP_CRC_VS_CRC
PB15.GPIO_Label=PTT_A
Mcu.Pin35=PB8
RCC.I2C1Freq_Value=16000000
Mcu.Pin36=PB9
Mcu.Pin39=VP_FREERTOS_VS_ENABLE
PB3\ (JTDO-TRACESWO).Mode=Trace_Asynchronous_SW
RCC.LCDFreq_Value=32768
RCC.RNGFreq_Value=48000000
Mcu.Pin30=PB4 (NJTRST)
PA1.GPIO_Label=BT_SLEEP
Mcu.Pin33=PB7
Mcu.Pin34=PH3-BOOT0
Mcu.Pin31=PB5
Mcu.Pin32=PB6
PA9.Locked=true
NVIC.NonMaskableInt_IRQn=true\:0\:0\:false\:false\:true\:false\:false
ADC1.DMAContinuousRequests=ENABLE
CRC.InitValue=0xFFFF
ProjectManager.FreePins=true
RCC.LPTIM2Freq_Value=48000000
Mcu.Pin26=PA12
Mcu.Pin27=PA13 (JTMS-SWDIO)
Mcu.Pin24=PA10
ProjectManager.UnderRoot=false
Mcu.Pin25=PA11
ADC1.ExternalTrigConv=ADC_EXTERNALTRIG_T6_TRGO
Mcu.Pin28=PA14 (JTCK-SWCLK)
Mcu.Pin29=PB3 (JTDO-TRACESWO)
PA13\ (JTMS-SWDIO).Mode=Trace_Asynchronous_SW
PA4.Signal=COMP_DAC11_group
Mcu.Pin22=PA8
PB5.Signal=GPXTI5
Mcu.Pin23=PA9
Mcu.Pin20=PB14
ADC1.master=1
Dma.DAC_CH1.1.Priority=DMA_PRIORITY_LOW
PA3.Locked=true
Mcu.Pin21=PB15
PA5.GPIO_Label=DC_OFFSET
PA10.Locked=true
PA14\ (JTCK-SWCLK).Locked=true
NVIC.ForceEnableDMAVector=true
NVIC.MemoryManagement_IRQn=true\:0\:0\:false\:false\:true\:false\:false
VP_RTC_VS_RTC_Alarm_A_Intern.Signal=RTC_VS_RTC_Alarm_A_Intern
ProjectManager.CompilerOptimize=3
PB6.PinState=GPIO_PIN_SET
PA11.Signal=USB_DM
Dma.I2C1_TX.4.RequestParameters=Instance,Direction,PeriphInc,MemInc,PeriphDataAlignment,MemDataAlignment,Mode,Priority
ProjectManager.HeapSize=0x200
PA0.GPIOParameters=GPIO_Label
Mcu.Pin15=PB2
NVIC.HardFault_IRQn=true\:0\:0\:false\:false\:true\:false\:false
PB1.Mode=CTS_RTS
Mcu.Pin16=PB10
Mcu.Pin13=PB0
Mcu.Pin14=PB1
Mcu.Pin19=PB13
ProjectManager.ComputerToolchain=false
Mcu.Pin17=PB11
FREERTOS.Timers01=beaconTimer1,beacon,osTimerPeriodic,As external,NULL,Static,beaconTimer1ControlBlock;beaconTimer2,beacon,osTimerPeriodic,As external,NULL,Static,beaconTimer2ControlBlock;beaconTimer3,beacon,osTimerPeriodic,As external,NULL,Static,beaconTimer3ControlBlock;beaconTimer4,beacon,osTimerPeriodic,As external,NULL,Static,beaconTimer4ControlBlock
Mcu.Pin18=PB12
Dma.USART3_TX.2.Instance=DMA1_Channel2
NVIC.PriorityGroup=NVIC_PRIORITYGROUP_4
Mcu.Pin11=PA6
Mcu.Pin12=PA7
PB8.Mode=I2C
Mcu.Pin10=PA5
USB_DEVICE.APP_RX_DATA_SIZE=64
PA10.Stacked=true
PH1-OSC_OUT\ (PH1).GPIO_ModeDefaultEXTI=GPIO_MODE_IT_RISING_FALLING
RCC.PWRFreq_Value=48000000
PCC.Seq0.Step1.Vcore=Range2-Medium
PB4\ (NJTRST).GPIO_Label=BT_STATE2
PCC.Seq0.Step1.Voltage_Source=Battery
NVIC.DMA1_Channel1_IRQn=true\:5\:0\:false\:false\:true\:true\:false
TIM1.Channel-PWM\ Generation3\ CH3=TIM_CHANNEL_3
SH.GPXTI1.ConfNb=1
PCC.Seq0=2
RCC.I2C2Freq_Value=48000000
VP_RTC_VS_RTC_Alarm_B_Intern.Signal=RTC_VS_RTC_Alarm_B_Intern
PB0.Signal=ADCx_IN15
PA7.GPIOParameters=PinState,GPIO_Label,GPIO_ModeDefaultOutputPP
RCC.USART3CLockSelection=RCC_USART3CLKSOURCE_HSI
PB12.GPIOParameters=PinState,GPIO_Label
CRC.CRCLength=CRC_POLYLENGTH_16B
Mcu.Family=STM32L4
NVIC.USART3_IRQn=true\:5\:0\:false\:false\:true\:true\:true
SH.GPXTI1.0=GPIO_EXTI1
ProjectManager.MainLocation=Src
ADC1.RightBitShift=ADC_RIGHTBITSHIFT_2
PA6.Mode=CTS_RTS
USB_DEVICE.CLASS_NAME_FS=CDC
RCC.SAI1Freq_Value=13714285.714285715
RCC.CortexFreq_Value=48000000
ProjectManager.KeepUserCode=true
Mcu.UserName=STM32L433CCUx
NVIC.USB_IRQn=true\:5\:0\:false\:false\:true\:true\:false
PCC.Seq0.Step0.CPU_Frequency=48 MHz
PH0-OSC_IN\ (PH0).Signal=GPXTI0
PH0-OSC_IN\ (PH0).Locked=true
SH.COMP_DAC12_group.0=DAC1_OUT2,DAC_OUT2_ExtAndInt
PCC.Seq0.Step0.User's_Consumption=0 mA
VP_IWDG_VS_IWDG.Mode=IWDG_Activate
RCC.PLLSAI1RoutputFreq_Value=48000000
Dma.I2C1_RX.5.RequestParameters=Instance,Direction,PeriphInc,MemInc,PeriphDataAlignment,MemDataAlignment,Mode,Priority
PA0.GPIO_Label=AUDIO_IN
ProjectManager.functionlistsort=1-MX_GPIO_Init-GPIO-false-HAL-true,2-MX_DMA_Init-DMA-false-HAL-true,3-SystemClock_Config-RCC-false-HAL-false,4-MX_USB_DEVICE_Init-USB_DEVICE-false-HAL-false,5-MX_RTC_Init-RTC-false-HAL-true,6-MX_USART3_UART_Init-USART3-false-HAL-true,7-MX_DAC1_Init-DAC1-false-HAL-true,8-MX_ADC1_Init-ADC1-false-HAL-true,9-MX_CRC_Init-CRC-false-HAL-true,10-MX_I2C1_Init-I2C1-false-HAL-true,11-MX_TIM6_Init-TIM6-false-HAL-true,12-MX_TIM7_Init-TIM7-false-HAL-true,13-MX_RNG_Init-RNG-true-HAL-true,14-MX_IWDG_Init-IWDG-true-HAL-true,15-MX_TIM1_Init-TIM1-true-HAL-true,16-MX_OPAMP1_Init-OPAMP1-false-HAL-true
PA9.GPIOParameters=GPIO_ModeDefaultPP,PinState,GPIO_Label,GPIO_ModeDefaultOutputPP
PH3-BOOT0.GPIO_Label=SW_BOOT
NVIC.EXTI3_IRQn=true\:5\:0\:true\:false\:true\:false\:true
PA11.Mode=Device
PA7.GPIO_ModeDefaultOutputPP=GPIO_MODE_OUTPUT_OD
PB0.GPIO_Label=BAT_LEVEL
RCC.USART2Freq_Value=48000000
VP_RTC_VS_RTC_Calendar.Signal=RTC_VS_RTC_Calendar
PB11.GPIO_PuPd=GPIO_NOPULL
PCC.Seq0.Step1.Duration=1 ms
PC13.GPIO_Label=BT_WAKE
PB13.GPIO_Label=USB_CE
PB11.Signal=USART3_RX
USB.lpm_enable=DISABLE
PB15.Signal=GPIO_Output
VP_RTC_VS_RTC_Alarm_B_Intern.Mode=Alarm B
DAC1.DAC_Channel-DAC_OUT2_ExtAndInt=DAC_CHANNEL_2
Dma.USART3_RX.3.Mode=DMA_CIRCULAR
VP_RTC_VS_RTC_Alarm_A_Intern.Mode=Alarm A
ProjectManager.StackSize=0x400
PB3\ (JTDO-TRACESWO).Signal=SYS_JTDO-SWO
PB5.GPIOParameters=GPIO_Label,GPIO_ModeDefaultEXTI
Dma.USART3_RX.3.MemDataAlignment=DMA_MDATAALIGN_BYTE
VP_TIM7_VS_ClockSourceINT.Mode=Enable_Timer
RCC.I2C3Freq_Value=48000000
Dma.I2C1_TX.4.PeriphDataAlignment=DMA_PDATAALIGN_BYTE
Mcu.IP4=FREERTOS
Mcu.IP5=I2C1
RCC.FCLKCortexFreq_Value=48000000
USB_DEVICE.MANUFACTURER_STRING=Mobilinkd LLC
Mcu.IP2=DAC1
I2C1.IPParameters=I2C_Speed_Mode,Timing
Mcu.IP3=DMA
Mcu.IP0=ADC1
PA12.Locked=true
Mcu.IP1=CRC
PA12.Signal=USB_DP
TIM1.Prescaler=48
Mcu.UserConstants=EEPROM_ADDRESS,0xA0;EEPROM_CAPACITY,4096;EEPROM_PAGE_SIZE,32;EEPROM_WRITE_TIME,5
RCC.VCOSAI1OutputFreq_Value=96000000
PA7.PinState=GPIO_PIN_SET
VP_ADC1_OPAMP1_OUT.Signal=ADC1_OPAMP1_OUT
Mcu.ThirdPartyNb=0
Dma.I2C1_RX.5.MemInc=DMA_MINC_ENABLE
RCC.HCLKFreq_Value=48000000
RCC.LSCOSource1=RCC_LSCOSOURCE_LSE
Mcu.IPNb=19
ProjectManager.PreviousToolchain=TrueSTUDIO
SH.COMP_DAC12_group.ConfNb=1
USB_DEVICE.USBD_LPM_ENABLED=1
PB13.GPIO_ModeDefaultOutputPP=GPIO_MODE_OUTPUT_OD
PA8.GPIOParameters=GPIO_ModeDefaultPP,PinState,GPIO_Label,GPIO_ModeDefaultOutputPP
Mcu.Pin6=PA1
Dma.I2C1_RX.5.Priority=DMA_PRIORITY_LOW
TIM7.Period=1817
Mcu.Pin7=PA2
Mcu.Pin8=PA3
Mcu.Pin9=PA4
FREERTOS.IPParameters=Tasks01,configUSE_TICKLESS_IDLE,MEMORY_ALLOCATION,configTOTAL_HEAP_SIZE,HEAP_NUMBER,configCHECK_FOR_STACK_OVERFLOW,configUSE_TIMERS,Queues01,FootprintOK,Timers01,configENABLE_BACKWARD_COMPATIBILITY,configUSE_APPLICATION_TASK_TAG
RCC.AHBFreq_Value=48000000
Mcu.Pin0=PC13
Mcu.Pin1=PC14-OSC32_IN (PC14)
Mcu.Pin2=PC15-OSC32_OUT (PC15)
Mcu.Pin3=PH0-OSC_IN (PH0)
Mcu.Pin4=PH1-OSC_OUT (PH1)
Mcu.Pin5=PA0
ADC1.Channel-0\#ChannelRegularConversion=ADC_CHANNEL_8
RCC.HSE_VALUE=8000000
FREERTOS.configUSE_TIMERS=1
NVIC.DebugMonitor_IRQn=true\:0\:0\:false\:false\:true\:false\:false
PH3-BOOT0.GPIOParameters=GPIO_Label,GPIO_ModeDefaultEXTI
Dma.USART3_RX.3.Instance=DMA1_Channel3
Mcu.IP10=RNG
PCC.Seq0.Step0.DMIPS=0.0
NVIC.SysTick_IRQn=true\:15\:0\:false\:false\:true\:true\:false
Mcu.IP12=SYS
RCC.RCC_MCO1Source=RCC_MCO1SOURCE_MSI
Mcu.IP11=RTC
FREERTOS.configENABLE_BACKWARD_COMPATIBILITY=0
Mcu.IP18=USB_DEVICE
Mcu.IP17=USB
OPAMP1.PowerSupplyRange=OPAMP_POWERSUPPLY_HIGH
VP_TIM7_VS_ClockSourceINT.Signal=TIM7_VS_ClockSourceINT
Mcu.IP14=TIM6
Mcu.IP13=TIM1
Mcu.IP16=USART3
USB_DEVICE.USBD_SELF_POWERED=1
Mcu.IP15=TIM7
RCC.VCOInputFreq_Value=4000000
File.Version=6
PA10.GPIO_Label=LED_TX
PB7.Signal=GPIO_Output
PB8.Locked=true
TIM6.Period=1817
Dma.RequestsNb=6
TIM7.TIM_MasterOutputTrigger=TIM_TRGO_UPDATE
PB6.GPIOParameters=PinState,GPIO_Label,GPIO_ModeDefaultOutputPP
PB0.Locked=true
FREERTOS.configTOTAL_HEAP_SIZE=4096
ProjectManager.ProjectName=firmware
USB.battery_charging_enable=ENABLE
VP_FREERTOS_VS_ENABLE.Mode=Enabled
PB7.GPIO_Label=BT_RESET
PB4\ (NJTRST).Locked=true
PCC.Seq0.Step0.Oscillator=HSE BYP PLL ART
PA6.Signal=USART3_CTS
PA7.Locked=true
ProjectManager.ToolChainLocation=
RCC.LSI_VALUE=32000
SH.GPXTI0.0=GPIO_EXTI0
SH.GPXTI5.ConfNb=1
Dma.I2C1_RX.5.Instance=DMA1_Channel7
Dma.USART3_RX.3.RequestParameters=Instance,Direction,PeriphInc,MemInc,PeriphDataAlignment,MemDataAlignment,Mode,Priority
VP_USB_DEVICE_VS_USB_DEVICE_CDC_FS.Signal=USB_DEVICE_VS_USB_DEVICE_CDC_FS
PCC.Checker=true
PCC.Seq0.Step0.Duration=1 ms
PC14-OSC32_IN\ (PC14).Locked=true
PB5.GPIO_Label=BT_STATE1
Dma.Request2=USART3_TX
Dma.Request1=DAC_CH1
Dma.Request4=I2C1_TX
Dma.Request3=USART3_RX
Dma.Request5=I2C1_RX
PCC.Seq0.Step0.Peripherals=ADC1\:fs_10_ksps AHB_APB1_Bridge AHB_APB2_Bridge DAC1\:OUT1-Buffer_ON-Middle_code DMA1 GPIOA GPIOB GPIOC GPIOH OPAMP1\:Normal PWR RTC TIM1 TIM6 USART3
VP_FREERTOS_VS_ENABLE.Signal=FREERTOS_VS_ENABLE
SH.COMP_DAC11_group.ConfNb=1
Dma.Request0=ADC1
PCC.Seq0.Step1.Mode=RUN
VP_ADC1_OPAMP1_OUT.Mode=IN8-OPAMP1-Single-Ended
Dma.I2C1_RX.5.Direction=DMA_PERIPH_TO_MEMORY
PC13.PinState=GPIO_PIN_RESET
PA8.PinState=GPIO_PIN_SET
PB15.Locked=true
PB3\ (JTDO-TRACESWO).Locked=true
RCC.PLLSAI1N=24
PA3.Signal=OPAMP1_VOUT
PCC.Seq0.Step1.CPU_Frequency=16 MHz
PCC.Seq0.Step1.Memory=FLASH
PH1-OSC_OUT\ (PH1).GPIO_Label=SW_POWER
PA2.Locked=true
PB5.GPIO_ModeDefaultEXTI=GPIO_MODE_IT_RISING_FALLING
VP_RTC_VS_RTC_Activate.Signal=RTC_VS_RTC_Activate
RCC.MSI_VALUE=4000000
PA14\ (JTCK-SWCLK).Mode=Trace_Asynchronous_SW
Dma.I2C1_TX.4.MemDataAlignment=DMA_MDATAALIGN_BYTE
SH.GPXTI5.0=GPIO_EXTI5
Dma.USART3_RX.3.Direction=DMA_PERIPH_TO_MEMORY
Dma.USART3_TX.2.PeriphDataAlignment=DMA_PDATAALIGN_BYTE
PB8.GPIOParameters=GPIO_PuPdOD
PCC.Seq0.Step0.Average_Current=7.08 mA
PCC.Vdd=3.6
ProjectManager.NoMain=false
USB_DEVICE.VirtualModeFS=Cdc_FS
Dma.USART3_TX.2.MemInc=DMA_MINC_ENABLE
RCC.I2C1CLockSelection=RCC_I2C1CLKSOURCE_HSI
FREERTOS.configUSE_TICKLESS_IDLE=1
VP_TIM6_VS_ClockSourceINT.Mode=Enable_Timer
PA8.Stacked=true
ProjectManager.DefaultFWLocation=true
PC15-OSC32_OUT\ (PC15).Signal=RCC_OSC32_OUT
USB.IPParameters=battery_charging_enable,lpm_enable
PB12.Locked=true
ProjectManager.DeletePrevious=true
VP_RNG_VS_RNG.Mode=RNG_Activate
PB10.Locked=true
FREERTOS.configUSE_APPLICATION_TASK_TAG=0
USB_DEVICE.IPParameters=VirtualMode,VirtualModeFS,CLASS_NAME_FS,MANUFACTURER_STRING,PRODUCT_STRING_CDC_FS,USBD_MAX_NUM_CONFIGURATION,USBD_LPM_ENABLED,APP_TX_DATA_SIZE,APP_RX_DATA_SIZE,USBD_SELF_POWERED
Dma.DAC_CH1.1.Instance=DMA2_Channel4
RCC.FamilyName=M
PH1-OSC_OUT\ (PH1).Signal=GPXTI1
PB9.GPIOParameters=GPIO_PuPdOD
PCC.Seq0.Step0.TaMax=104.16
Dma.ADC1.0.PeriphDataAlignment=DMA_PDATAALIGN_HALFWORD
PB4\ (NJTRST).GPIOParameters=GPIO_Label,GPIO_ModeDefaultEXTI
TIM6.IPParameters=Period,TIM_MasterOutputTrigger
PH1-OSC_OUT\ (PH1).GPIOParameters=GPIO_Label,GPIO_ModeDefaultEXTI
SH.S_TIM1_CH1.0=TIM1_CH1,PWM Generation1 CH1
Dma.I2C1_TX.4.Mode=DMA_NORMAL
NVIC.DMA1_Channel2_IRQn=true\:5\:0\:false\:false\:true\:true\:false
ProjectManager.TargetToolchain=TrueSTUDIO
PCC.Seq0.Step1.User's_Consumption=0 mA
Dma.ADC1.0.Mode=DMA_CIRCULAR
PCC.Seq0.Step0.Mode=RUN
PB7.GPIOParameters=PinState,GPIO_Label,GPIO_ModeDefaultOutputPP
PA10.GPIO_ModeDefaultOutputPP=GPIO_MODE_OUTPUT_OD
VP_RNG_VS_RNG.Signal=RNG_VS_RNG
VP_USB_DEVICE_VS_USB_DEVICE_CDC_FS.Mode=CDC_FS
PB9.Mode=I2C
Dma.USART3_TX.2.Direction=DMA_MEMORY_TO_PERIPH
PB2.GPIOParameters=PinState,GPIO_Label,GPIO_ModeDefaultOutputPP
ProjectManager.RegisterCallBack=
PC15-OSC32_OUT\ (PC15).Locked=true
RCC.USBFreq_Value=48000000
ADC1.Ratio=ADC_OVERSAMPLING_RATIO_16
PA1.Signal=GPIO_Output
PB1.Locked=true
PH1-OSC_OUT\ (PH1).Locked=true
board=custom
PCC.Temperature=25
SH.GPXTI3.0=GPIO_EXTI3
RCC.VCOOutputFreq_Value=96000000
Dma.USART3_TX.2.MemDataAlignment=DMA_MDATAALIGN_BYTE
Dma.ADC1.0.RequestParameters=Instance,Direction,PeriphInc,MemInc,PeriphDataAlignment,MemDataAlignment,Mode,Priority
RCC.APB2Freq_Value=48000000
PCC.Seq0.Step0.Frequency=4 MHz
TIM7.IPParameters=TIM_MasterOutputTrigger,Period
MxCube.Version=4.27.0
Dma.DAC_CH1.1.RequestParameters=Instance,Direction,PeriphInc,MemInc,PeriphDataAlignment,MemDataAlignment,Mode,Priority
PC13.GPIOParameters=PinState,GPIO_Label,GPIO_ModeDefaultOutputPP
PB7.GPIO_ModeDefaultOutputPP=GPIO_MODE_OUTPUT_OD
Dma.DAC_CH1.1.MemDataAlignment=DMA_MDATAALIGN_HALFWORD
Dma.I2C1_TX.4.MemInc=DMA_MINC_ENABLE
RCC.PLLSAI1QoutputFreq_Value=48000000
RCC.ADCFreq_Value=48000000
PA10.GPIOParameters=GPIO_ModeDefaultPP,PinState,GPIO_Label,GPIO_ModeDefaultOutputPP
TIM6.TIM_MasterOutputTrigger=TIM_TRGO_UPDATE
SH.ADCx_IN15.ConfNb=1
Dma.I2C1_TX.4.Instance=DMA1_Channel6
PA4.GPIOParameters=GPIO_Label
PH3-BOOT0.GPIO_ModeDefaultEXTI=GPIO_MODE_IT_RISING_FALLING
PB15.GPIOParameters=GPIO_Label
RCC.IPParameters=ADCFreq_Value,AHBFreq_Value,APB1Freq_Value,APB1TimFreq_Value,APB2Freq_Value,APB2TimFreq_Value,CortexFreq_Value,FCLKCortexFreq_Value,FamilyName,HCLKFreq_Value,HSE_VALUE,HSI48_VALUE,HSI_VALUE,I2C1CLockSelection,I2C1Freq_Value,I2C2Freq_Value,I2C3Freq_Value,LCDFreq_Value,LPTIM1Freq_Value,LPTIM2Freq_Value,LPUART1Freq_Value,LSCOPinFreq_Value,LSCOSource1,LSE_Drive_Capability,LSI_VALUE,MCO1PinFreq_Value,MSI_VALUE,PLLN,PLLPoutputFreq_Value,PLLQoutputFreq_Value,PLLRCLKFreq_Value,PLLSAI1N,PLLSAI1PoutputFreq_Value,PLLSAI1QoutputFreq_Value,PLLSAI1RoutputFreq_Value,PREFETCH_ENABLE,PWRFreq_Value,RCC_MCO1Source,RNGFreq_Value,RTCClockSelection,RTCFreq_Value,SAI1Freq_Value,SWPMI1Freq_Value,SYSCLKFreq_VALUE,SYSCLKSource,USART1Freq_Value,USART2Freq_Value,USART3CLockSelection,USART3Freq_Value,USBFreq_Value,VCOInputFreq_Value,VCOOutputFreq_Value,VCOSAI1OutputFreq_Value
ProjectManager.AskForMigrate=true
Mcu.Name=STM32L433C(B-C)Ux
PB2.PinState=GPIO_PIN_SET
RTC.Alarm-Alarm\ A=RTC_ALARM_A
Dma.I2C1_TX.4.Direction=DMA_MEMORY_TO_PERIPH
PA2.Signal=RCC_LSCO
PB2.Locked=true
Mcu.IP8=OPAMP1
Mcu.IP9=RCC
Mcu.IP6=IWDG
Mcu.IP7=NVIC
ProjectManager.CoupleFile=false
PA9.GPIO_ModeDefaultOutputPP=GPIO_MODE_OUTPUT_OD
PCC.Seq0.Step0.Memory=FLASH
NVIC.EXTI0_IRQn=true\:5\:0\:true\:false\:true\:false\:true
RCC.SYSCLKFreq_VALUE=48000000
PA7.GPIO_Label=BAT_DIVIDER
PA1.Locked=true
PA12.Mode=Device
SH.GPXTI4.0=GPIO_EXTI4
Dma.I2C1_RX.5.Mode=DMA_NORMAL
KeepUserPlacement=true
PC14-OSC32_IN\ (PC14).Signal=RCC_OSC32_IN
CRC.DefaultInitValueUse=DEFAULT_INIT_VALUE_DISABLE
VP_IWDG_VS_IWDG.Signal=IWDG_VS_IWDG
NVIC.EXTI9_5_IRQn=true\:5\:0\:false\:false\:true\:true\:true
USB_DEVICE.APP_TX_DATA_SIZE=64
Dma.ADC1.0.MemInc=DMA_MINC_ENABLE
Dma.USART3_TX.2.RequestParameters=Instance,Direction,PeriphInc,MemInc,PeriphDataAlignment,MemDataAlignment,Mode,Priority
PB2.GPIO_Label=AUDIO_ATTEN
SH.GPXTI4.ConfNb=1
PB9.GPIO_PuPdOD=GPIO_NOPULL
USB_DEVICE.USBD_MAX_NUM_CONFIGURATION=2
RCC.HSI_VALUE=16000000
PCC.Seq0.Step1.Frequency=18 MHz
NVIC.TIM1_UP_TIM16_IRQn=true\:5\:0\:false\:false\:true\:true\:true
ADC1.NbrOfConversionFlag=1
PH0-OSC_IN\ (PH0).GPIO_Label=USB_POWER
RCC.PLLN=24
PB7.Locked=true
PCC.Seq0.Step1.Peripherals=ADC1\:fs_10_ksps AHB_APB1_Bridge AHB_APB2_Bridge DAC1\:OUT1-Buffer_ON-Middle_code DMA1 GPIOA GPIOB GPIOC GPIOH IWDG OPAMP1\:Normal RNG RTC TIM6 USART3
PA2.Mode=Clock-out-LSCO
PB8.Signal=I2C1_SCL
Dma.USART3_RX.3.Priority=DMA_PRIORITY_LOW
NVIC.DMA1_Channel7_IRQn=true\:5\:0\:false\:false\:true\:true\:false
Dma.I2C1_RX.5.PeriphDataAlignment=DMA_PDATAALIGN_BYTE
PCC.Seq0.Step0.Vdd=3.6
RCC.APB1Freq_Value=48000000
VP_CRC_VS_CRC.Mode=CRC_Activate
Dma.I2C1_RX.5.PeriphInc=DMA_PINC_DISABLE
USB_DEVICE.VirtualMode=Cdc
OPAMP1.IPParameters=PowerSupplyRange
PB11.Locked=true
ProjectManager.DeviceId=STM32L433CCUx
PB12.Signal=GPIO_Output
ProjectManager.LibraryCopy=1
PA3.GPIO_Label=AUDIO_IN_AMP
PH0-OSC_IN\ (PH0).GPIOParameters=GPIO_PuPd,GPIO_Label,GPIO_ModeDefaultEXTI
PA7.Signal=GPIO_Output
PA1.GPIO_ModeDefaultOutputPP=GPIO_MODE_OUTPUT_PP
PB4\ (NJTRST).Signal=GPXTI4
PA6.Locked=true
